// !$*UTF8*$!
{
	archiveVersion = 1;
	classes = {
	};
	objectVersion = 50;
	objects = {

/* Begin PBXBuildFile section */
		3A373737248B404900FFD64D /* User.swift in Sources */ = {isa = PBXBuildFile; fileRef = 3A373736248B404900FFD64D /* User.swift */; };
		3A373739248B410400FFD64D /* CardViewModel.swift in Sources */ = {isa = PBXBuildFile; fileRef = 3A373738248B410400FFD64D /* CardViewModel.swift */; };
		3A6092E82487D3F4001A7267 /* AppDelegate.swift in Sources */ = {isa = PBXBuildFile; fileRef = 3A6092E72487D3F4001A7267 /* AppDelegate.swift */; };
		3A6092EA2487D3F4001A7267 /* SceneDelegate.swift in Sources */ = {isa = PBXBuildFile; fileRef = 3A6092E92487D3F4001A7267 /* SceneDelegate.swift */; };
		3A6092EC2487D3F4001A7267 /* ViewController.swift in Sources */ = {isa = PBXBuildFile; fileRef = 3A6092EB2487D3F4001A7267 /* ViewController.swift */; };
		3A6092F12487D3F5001A7267 /* Assets.xcassets in Resources */ = {isa = PBXBuildFile; fileRef = 3A6092F02487D3F5001A7267 /* Assets.xcassets */; };
		3A6092F42487D3F5001A7267 /* LaunchScreen.storyboard in Resources */ = {isa = PBXBuildFile; fileRef = 3A6092F22487D3F5001A7267 /* LaunchScreen.storyboard */; };
		3A6093032487D4B7001A7267 /* HomeController.swift in Sources */ = {isa = PBXBuildFile; fileRef = 3A6093022487D4B7001A7267 /* HomeController.swift */; };
		3A6093072487D661001A7267 /* Extensions.swift in Sources */ = {isa = PBXBuildFile; fileRef = 3A6093062487D661001A7267 /* Extensions.swift */; };
		3A6093092487D6B9001A7267 /* HomeNavigationStack.swift in Sources */ = {isa = PBXBuildFile; fileRef = 3A6093082487D6B9001A7267 /* HomeNavigationStack.swift */; };
		3AB9F818248B1FA8000D2FBD /* BottomControlsStackView.swift in Sources */ = {isa = PBXBuildFile; fileRef = 3AB9F817248B1FA8000D2FBD /* BottomControlsStackView.swift */; };
		3AB9F81A248B2336000D2FBD /* CardView.swift in Sources */ = {isa = PBXBuildFile; fileRef = 3AB9F819248B2336000D2FBD /* CardView.swift */; };
/* End PBXBuildFile section */

/* Begin PBXFileReference section */
		3A373736248B404900FFD64D /* User.swift */ = {isa = PBXFileReference; lastKnownFileType = sourcecode.swift; path = User.swift; sourceTree = "<group>"; };
		3A373738248B410400FFD64D /* CardViewModel.swift */ = {isa = PBXFileReference; lastKnownFileType = sourcecode.swift; path = CardViewModel.swift; sourceTree = "<group>"; };
		3A6092E42487D3F3001A7267 /* Swipest.app */ = {isa = PBXFileReference; explicitFileType = wrapper.application; includeInIndex = 0; path = Swipest.app; sourceTree = BUILT_PRODUCTS_DIR; };
		3A6092E72487D3F4001A7267 /* AppDelegate.swift */ = {isa = PBXFileReference; lastKnownFileType = sourcecode.swift; path = AppDelegate.swift; sourceTree = "<group>"; };
		3A6092E92487D3F4001A7267 /* SceneDelegate.swift */ = {isa = PBXFileReference; lastKnownFileType = sourcecode.swift; path = SceneDelegate.swift; sourceTree = "<group>"; };
		3A6092EB2487D3F4001A7267 /* ViewController.swift */ = {isa = PBXFileReference; lastKnownFileType = sourcecode.swift; path = ViewController.swift; sourceTree = "<group>"; };
		3A6092F02487D3F5001A7267 /* Assets.xcassets */ = {isa = PBXFileReference; lastKnownFileType = folder.assetcatalog; path = Assets.xcassets; sourceTree = "<group>"; };
		3A6092F32487D3F5001A7267 /* Base */ = {isa = PBXFileReference; lastKnownFileType = file.storyboard; name = Base; path = Base.lproj/LaunchScreen.storyboard; sourceTree = "<group>"; };
		3A6092F52487D3F5001A7267 /* Info.plist */ = {isa = PBXFileReference; lastKnownFileType = text.plist.xml; path = Info.plist; sourceTree = "<group>"; };
		3A6093022487D4B7001A7267 /* HomeController.swift */ = {isa = PBXFileReference; lastKnownFileType = sourcecode.swift; path = HomeController.swift; sourceTree = "<group>"; };
		3A6093062487D661001A7267 /* Extensions.swift */ = {isa = PBXFileReference; lastKnownFileType = sourcecode.swift; path = Extensions.swift; sourceTree = "<group>"; };
		3A6093082487D6B9001A7267 /* HomeNavigationStack.swift */ = {isa = PBXFileReference; lastKnownFileType = sourcecode.swift; path = HomeNavigationStack.swift; sourceTree = "<group>"; };
		3AB9F817248B1FA8000D2FBD /* BottomControlsStackView.swift */ = {isa = PBXFileReference; lastKnownFileType = sourcecode.swift; path = BottomControlsStackView.swift; sourceTree = "<group>"; };
		3AB9F819248B2336000D2FBD /* CardView.swift */ = {isa = PBXFileReference; lastKnownFileType = sourcecode.swift; path = CardView.swift; sourceTree = "<group>"; };
/* End PBXFileReference section */

/* Begin PBXFrameworksBuildPhase section */
		3A6092E12487D3F3001A7267 /* Frameworks */ = {
			isa = PBXFrameworksBuildPhase;
			buildActionMask = 2147483647;
			files = (
			);
			runOnlyForDeploymentPostprocessing = 0;
		};
/* End PBXFrameworksBuildPhase section */

/* Begin PBXGroup section */
		3A6092DB2487D3F3001A7267 = {
			isa = PBXGroup;
			children = (
				3A6092E62487D3F3001A7267 /* Swipest */,
				3A6092E52487D3F3001A7267 /* Products */,
			);
			sourceTree = "<group>";
		};
		3A6092E52487D3F3001A7267 /* Products */ = {
			isa = PBXGroup;
			children = (
				3A6092E42487D3F3001A7267 /* Swipest.app */,
			);
			name = Products;
			sourceTree = "<group>";
		};
		3A6092E62487D3F3001A7267 /* Swipest */ = {
			isa = PBXGroup;
			children = (
				3A6092FC2487D412001A7267 /* Model */,
				3A6092FD2487D41D001A7267 /* ViewModel */,
				3A6092FB2487D406001A7267 /* View */,
				3A6092FF2487D47A001A7267 /* ViewController */,
				3A6092FE2487D426001A7267 /* Helper */,
				3A6092E72487D3F4001A7267 /* AppDelegate.swift */,
				3A6092E92487D3F4001A7267 /* SceneDelegate.swift */,
				3A6092EB2487D3F4001A7267 /* ViewController.swift */,
				3A6092F02487D3F5001A7267 /* Assets.xcassets */,
				3A6092F22487D3F5001A7267 /* LaunchScreen.storyboard */,
				3A6092F52487D3F5001A7267 /* Info.plist */,
			);
			path = Swipest;
			sourceTree = "<group>";
		};
		3A6092FB2487D406001A7267 /* View */ = {
			isa = PBXGroup;
			children = (
				3A6093082487D6B9001A7267 /* HomeNavigationStack.swift */,
				3AB9F817248B1FA8000D2FBD /* BottomControlsStackView.swift */,
				3AB9F819248B2336000D2FBD /* CardView.swift */,
			);
			path = View;
			sourceTree = "<group>";
		};
		3A6092FC2487D412001A7267 /* Model */ = {
			isa = PBXGroup;
			children = (
				3A373736248B404900FFD64D /* User.swift */,
			);
			path = Model;
			sourceTree = "<group>";
		};
		3A6092FD2487D41D001A7267 /* ViewModel */ = {
			isa = PBXGroup;
			children = (
				3A373738248B410400FFD64D /* CardViewModel.swift */,
			);
			path = ViewModel;
			sourceTree = "<group>";
		};
		3A6092FE2487D426001A7267 /* Helper */ = {
			isa = PBXGroup;
			children = (
				3A6093062487D661001A7267 /* Extensions.swift */,
			);
			path = Helper;
			sourceTree = "<group>";
		};
		3A6092FF2487D47A001A7267 /* ViewController */ = {
			isa = PBXGroup;
			children = (
				3A6093022487D4B7001A7267 /* HomeController.swift */,
			);
			path = ViewController;
			sourceTree = "<group>";
		};
/* End PBXGroup section */

/* Begin PBXNativeTarget section */
		3A6092E32487D3F3001A7267 /* Swipest */ = {
			isa = PBXNativeTarget;
			buildConfigurationList = 3A6092F82487D3F5001A7267 /* Build configuration list for PBXNativeTarget "Swipest" */;
			buildPhases = (
				3A6092E02487D3F3001A7267 /* Sources */,
				3A6092E12487D3F3001A7267 /* Frameworks */,
				3A6092E22487D3F3001A7267 /* Resources */,
			);
			buildRules = (
			);
			dependencies = (
			);
			name = Swipest;
			productName = Swipest;
			productReference = 3A6092E42487D3F3001A7267 /* Swipest.app */;
			productType = "com.apple.product-type.application";
		};
/* End PBXNativeTarget section */

/* Begin PBXProject section */
		3A6092DC2487D3F3001A7267 /* Project object */ = {
			isa = PBXProject;
			attributes = {
				LastSwiftUpdateCheck = 1150;
				LastUpgradeCheck = 1150;
				ORGANIZATIONNAME = "Yuuki sakai";
				TargetAttributes = {
					3A6092E32487D3F3001A7267 = {
						CreatedOnToolsVersion = 11.5;
					};
				};
			};
			buildConfigurationList = 3A6092DF2487D3F3001A7267 /* Build configuration list for PBXProject "Swipest" */;
			compatibilityVersion = "Xcode 9.3";
			developmentRegion = en;
			hasScannedForEncodings = 0;
			knownRegions = (
				en,
				Base,
			);
			mainGroup = 3A6092DB2487D3F3001A7267;
			productRefGroup = 3A6092E52487D3F3001A7267 /* Products */;
			projectDirPath = "";
			projectRoot = "";
			targets = (
				3A6092E32487D3F3001A7267 /* Swipest */,
			);
		};
/* End PBXProject section */

/* Begin PBXResourcesBuildPhase section */
		3A6092E22487D3F3001A7267 /* Resources */ = {
			isa = PBXResourcesBuildPhase;
			buildActionMask = 2147483647;
			files = (
				3A6092F42487D3F5001A7267 /* LaunchScreen.storyboard in Resources */,
				3A6092F12487D3F5001A7267 /* Assets.xcassets in Resources */,
			);
			runOnlyForDeploymentPostprocessing = 0;
		};
/* End PBXResourcesBuildPhase section */

/* Begin PBXSourcesBuildPhase section */
		3A6092E02487D3F3001A7267 /* Sources */ = {
			isa = PBXSourcesBuildPhase;
			buildActionMask = 2147483647;
			files = (
				3A6093072487D661001A7267 /* Extensions.swift in Sources */,
				3A6093032487D4B7001A7267 /* HomeController.swift in Sources */,
				3A6092EC2487D3F4001A7267 /* ViewController.swift in Sources */,
				3A6093092487D6B9001A7267 /* HomeNavigationStack.swift in Sources */,
				3A373739248B410400FFD64D /* CardViewModel.swift in Sources */,
				3A6092E82487D3F4001A7267 /* AppDelegate.swift in Sources */,
				3A373737248B404900FFD64D /* User.swift in Sources */,
				3A6092EA2487D3F4001A7267 /* SceneDelegate.swift in Sources */,
				3AB9F81A248B2336000D2FBD /* CardView.swift in Sources */,
				3AB9F818248B1FA8000D2FBD /* BottomControlsStackView.swift in Sources */,
			);
			runOnlyForDeploymentPostprocessing = 0;
		};
/* End PBXSourcesBuildPhase section */

/* Begin PBXVariantGroup section */
		3A6092F22487D3F5001A7267 /* LaunchScreen.storyboard */ = {
			isa = PBXVariantGroup;
			children = (
				3A6092F32487D3F5001A7267 /* Base */,
			);
			name = LaunchScreen.storyboard;
			sourceTree = "<group>";
		};
/* End PBXVariantGroup section */

/* Begin XCBuildConfiguration section */
		3A6092F62487D3F5001A7267 /* Debug */ = {
			isa = XCBuildConfiguration;
			buildSettings = {
				ALWAYS_SEARCH_USER_PATHS = NO;
				CLANG_ANALYZER_NONNULL = YES;
				CLANG_ANALYZER_NUMBER_OBJECT_CONVERSION = YES_AGGRESSIVE;
				CLANG_CXX_LANGUAGE_STANDARD = "gnu++14";
				CLANG_CXX_LIBRARY = "libc++";
				CLANG_ENABLE_MODULES = YES;
				CLANG_ENABLE_OBJC_ARC = YES;
				CLANG_ENABLE_OBJC_WEAK = YES;
				CLANG_WARN_BLOCK_CAPTURE_AUTORELEASING = YES;
				CLANG_WARN_BOOL_CONVERSION = YES;
				CLANG_WARN_COMMA = YES;
				CLANG_WARN_CONSTANT_CONVERSION = YES;
				CLANG_WARN_DEPRECATED_OBJC_IMPLEMENTATIONS = YES;
				CLANG_WARN_DIRECT_OBJC_ISA_USAGE = YES_ERROR;
				CLANG_WARN_DOCUMENTATION_COMMENTS = YES;
				CLANG_WARN_EMPTY_BODY = YES;
				CLANG_WARN_ENUM_CONVERSION = YES;
				CLANG_WARN_INFINITE_RECURSION = YES;
				CLANG_WARN_INT_CONVERSION = YES;
				CLANG_WARN_NON_LITERAL_NULL_CONVERSION = YES;
				CLANG_WARN_OBJC_IMPLICIT_RETAIN_SELF = YES;
				CLANG_WARN_OBJC_LITERAL_CONVERSION = YES;
				CLANG_WARN_OBJC_ROOT_CLASS = YES_ERROR;
				CLANG_WARN_RANGE_LOOP_ANALYSIS = YES;
				CLANG_WARN_STRICT_PROTOTYPES = YES;
				CLANG_WARN_SUSPICIOUS_MOVE = YES;
				CLANG_WARN_UNGUARDED_AVAILABILITY = YES_AGGRESSIVE;
				CLANG_WARN_UNREACHABLE_CODE = YES;
				CLANG_WARN__DUPLICATE_METHOD_MATCH = YES;
				COPY_PHASE_STRIP = NO;
				DEBUG_INFORMATION_FORMAT = dwarf;
				ENABLE_STRICT_OBJC_MSGSEND = YES;
				ENABLE_TESTABILITY = YES;
				GCC_C_LANGUAGE_STANDARD = gnu11;
				GCC_DYNAMIC_NO_PIC = NO;
				GCC_NO_COMMON_BLOCKS = YES;
				GCC_OPTIMIZATION_LEVEL = 0;
				GCC_PREPROCESSOR_DEFINITIONS = (
					"DEBUG=1",
					"$(inherited)",
				);
				GCC_WARN_64_TO_32_BIT_CONVERSION = YES;
				GCC_WARN_ABOUT_RETURN_TYPE = YES_ERROR;
				GCC_WARN_UNDECLARED_SELECTOR = YES;
				GCC_WARN_UNINITIALIZED_AUTOS = YES_AGGRESSIVE;
				GCC_WARN_UNUSED_FUNCTION = YES;
				GCC_WARN_UNUSED_VARIABLE = YES;
				IPHONEOS_DEPLOYMENT_TARGET = 13.5;
				MTL_ENABLE_DEBUG_INFO = INCLUDE_SOURCE;
				MTL_FAST_MATH = YES;
				ONLY_ACTIVE_ARCH = YES;
				SDKROOT = iphoneos;
				SWIFT_ACTIVE_COMPILATION_CONDITIONS = DEBUG;
				SWIFT_OPTIMIZATION_LEVEL = "-Onone";
			};
			name = Debug;
		};
		3A6092F72487D3F5001A7267 /* Release */ = {
			isa = XCBuildConfiguration;
			buildSettings = {
				ALWAYS_SEARCH_USER_PATHS = NO;
				CLANG_ANALYZER_NONNULL = YES;
				CLANG_ANALYZER_NUMBER_OBJECT_CONVERSION = YES_AGGRESSIVE;
				CLANG_CXX_LANGUAGE_STANDARD = "gnu++14";
				CLANG_CXX_LIBRARY = "libc++";
				CLANG_ENABLE_MODULES = YES;
				CLANG_ENABLE_OBJC_ARC = YES;
				CLANG_ENABLE_OBJC_WEAK = YES;
				CLANG_WARN_BLOCK_CAPTURE_AUTORELEASING = YES;
				CLANG_WARN_BOOL_CONVERSION = YES;
				CLANG_WARN_COMMA = YES;
				CLANG_WARN_CONSTANT_CONVERSION = YES;
				CLANG_WARN_DEPRECATED_OBJC_IMPLEMENTATIONS = YES;
				CLANG_WARN_DIRECT_OBJC_ISA_USAGE = YES_ERROR;
				CLANG_WARN_DOCUMENTATION_COMMENTS = YES;
				CLANG_WARN_EMPTY_BODY = YES;
				CLANG_WARN_ENUM_CONVERSION = YES;
				CLANG_WARN_INFINITE_RECURSION = YES;
				CLANG_WARN_INT_CONVERSION = YES;
				CLANG_WARN_NON_LITERAL_NULL_CONVERSION = YES;
				CLANG_WARN_OBJC_IMPLICIT_RETAIN_SELF = YES;
				CLANG_WARN_OBJC_LITERAL_CONVERSION = YES;
				CLANG_WARN_OBJC_ROOT_CLASS = YES_ERROR;
				CLANG_WARN_RANGE_LOOP_ANALYSIS = YES;
				CLANG_WARN_STRICT_PROTOTYPES = YES;
				CLANG_WARN_SUSPICIOUS_MOVE = YES;
				CLANG_WARN_UNGUARDED_AVAILABILITY = YES_AGGRESSIVE;
				CLANG_WARN_UNREACHABLE_CODE = YES;
				CLANG_WARN__DUPLICATE_METHOD_MATCH = YES;
				COPY_PHASE_STRIP = NO;
				DEBUG_INFORMATION_FORMAT = "dwarf-with-dsym";
				ENABLE_NS_ASSERTIONS = NO;
				ENABLE_STRICT_OBJC_MSGSEND = YES;
				GCC_C_LANGUAGE_STANDARD = gnu11;
				GCC_NO_COMMON_BLOCKS = YES;
				GCC_WARN_64_TO_32_BIT_CONVERSION = YES;
				GCC_WARN_ABOUT_RETURN_TYPE = YES_ERROR;
				GCC_WARN_UNDECLARED_SELECTOR = YES;
				GCC_WARN_UNINITIALIZED_AUTOS = YES_AGGRESSIVE;
				GCC_WARN_UNUSED_FUNCTION = YES;
				GCC_WARN_UNUSED_VARIABLE = YES;
				IPHONEOS_DEPLOYMENT_TARGET = 13.5;
				MTL_ENABLE_DEBUG_INFO = NO;
				MTL_FAST_MATH = YES;
				SDKROOT = iphoneos;
				SWIFT_COMPILATION_MODE = wholemodule;
				SWIFT_OPTIMIZATION_LEVEL = "-O";
				VALIDATE_PRODUCT = YES;
			};
			name = Release;
		};
		3A6092F92487D3F5001A7267 /* Debug */ = {
			isa = XCBuildConfiguration;
			buildSettings = {
				ASSETCATALOG_COMPILER_APPICON_NAME = AppIcon;
				CODE_SIGN_STYLE = Automatic;
				DEVELOPMENT_TEAM = 4KJFNVZ8R6;
				INFOPLIST_FILE = Swipest/Info.plist;
				LD_RUNPATH_SEARCH_PATHS = (
					"$(inherited)",
					"@executable_path/Frameworks",
				);
				PRODUCT_BUNDLE_IDENTIFIER = mineo.jp.mac.pop.Swipest;
				PRODUCT_NAME = "$(TARGET_NAME)";
				SWIFT_VERSION = 5.0;
				TARGETED_DEVICE_FAMILY = "1,2";
			};
			name = Debug;
		};
		3A6092FA2487D3F5001A7267 /* Release */ = {
			isa = XCBuildConfiguration;
			buildSettings = {
				ASSETCATALOG_COMPILER_APPICON_NAME = AppIcon;
				CODE_SIGN_STYLE = Automatic;
				DEVELOPMENT_TEAM = 4KJFNVZ8R6;
				INFOPLIST_FILE = Swipest/Info.plist;
				LD_RUNPATH_SEARCH_PATHS = (
					"$(inherited)",
					"@executable_path/Frameworks",
				);
				PRODUCT_BUNDLE_IDENTIFIER = mineo.jp.mac.pop.Swipest;
				PRODUCT_NAME = "$(TARGET_NAME)";
				SWIFT_VERSION = 5.0;
				TARGETED_DEVICE_FAMILY = "1,2";
			};
			name = Release;
		};
/* End XCBuildConfiguration section */

/* Begin XCConfigurationList section */
		3A6092DF2487D3F3001A7267 /* Build configuration list for PBXProject "Swipest" */ = {
			isa = XCConfigurationList;
			buildConfigurations = (
				3A6092F62487D3F5001A7267 /* Debug */,
				3A6092F72487D3F5001A7267 /* Release */,
			);
			defaultConfigurationIsVisible = 0;
			defaultConfigurationName = Release;
		};
		3A6092F82487D3F5001A7267 /* Build configuration list for PBXNativeTarget "Swipest" */ = {
			isa = XCConfigurationList;
			buildConfigurations = (
				3A6092F92487D3F5001A7267 /* Debug */,
				3A6092FA2487D3F5001A7267 /* Release */,
			);
			defaultConfigurationIsVisible = 0;
			defaultConfigurationName = Release;
		};
/* End XCConfigurationList section */
	};
	rootObject = 3A6092DC2487D3F3001A7267 /* Project object */;
}
